
Microsoft Visual Studio Solution File, Format Version 12.00
# Visual Studio Version 17
VisualStudioVersion = 17.0.31903.59
MinimumVisualStudioVersion = 10.0.40219.1
Project("{9A19103F-16F7-4668-BE54-9A1E7A4F7556}") = "C4Model", "C4Model\C4Model.csproj", "{8450C60F-D174-4952-BAFA-9745F057DA07}"
EndProject
Project("{FAE04EC0-301F-11D3-BF4B-00C04F79EFBC}") = "Infrastructure", "Infrastructure\Infrastructure.csproj", "{C3D03EE8-4DF9-4CE8-B470-7686371D2F77}"
EndProject
Project("{FAE04EC0-301F-11D3-BF4B-00C04F79EFBC}") = "Vms", "Vms\Vms.csproj", "{CC24B1F9-1433-4D57-A813-DFB1427FEE72}"
EndProject
Project("{FAE04EC0-301F-11D3-BF4B-00C04F79EFBC}") = "Vms.Tests", "Vms.Tests\Vms.Tests.csproj", "{5CA34D26-0E83-4FE6-8431-F7130D06106A}"
EndProject
Project("{FAE04EC0-301F-11D3-BF4B-00C04F79EFBC}") = "Presentation", "Presentation\Presentation.csproj", "{0F94E5DD-F315-4E55-A1A7-7DEDDE1C052C}"
EndProject
Project("{2150E333-8FDC-42A3-9474-1A3956D46DE8}") = "Tests", "Tests", "{F4857F9E-3D7E-4C16-85D0-1C29CFFBD1CC}"
EndProject
Project("{FAE04EC0-301F-11D3-BF4B-00C04F79EFBC}") = "C4Model.Tests", "C4Model.Tests\C4Model.Tests.csproj", "{C4132574-323F-47F3-A308-7D20C02EDFB3}"
EndProject
Global
	GlobalSection(SolutionConfigurationPlatforms) = preSolution
		Debug|Any CPU = Debug|Any CPU
		Release|Any CPU = Release|Any CPU
	EndGlobalSection
	GlobalSection(ProjectConfigurationPlatforms) = postSolution
		{8450C60F-D174-4952-BAFA-9745F057DA07}.Debug|Any CPU.ActiveCfg = Debug|Any CPU
		{8450C60F-D174-4952-BAFA-9745F057DA07}.Debug|Any CPU.Build.0 = Debug|Any CPU
		{8450C60F-D174-4952-BAFA-9745F057DA07}.Release|Any CPU.ActiveCfg = Release|Any CPU
		{8450C60F-D174-4952-BAFA-9745F057DA07}.Release|Any CPU.Build.0 = Release|Any CPU
		{C3D03EE8-4DF9-4CE8-B470-7686371D2F77}.Debug|Any CPU.ActiveCfg = Debug|Any CPU
		{C3D03EE8-4DF9-4CE8-B470-7686371D2F77}.Debug|Any CPU.Build.0 = Debug|Any CPU
		{C3D03EE8-4DF9-4CE8-B470-7686371D2F77}.Release|Any CPU.ActiveCfg = Release|Any CPU
		{C3D03EE8-4DF9-4CE8-B470-7686371D2F77}.Release|Any CPU.Build.0 = Release|Any CPU
		{CC24B1F9-1433-4D57-A813-DFB1427FEE72}.Debug|Any CPU.ActiveCfg = Debug|Any CPU
		{CC24B1F9-1433-4D57-A813-DFB1427FEE72}.Debug|Any CPU.Build.0 = Debug|Any CPU
		{CC24B1F9-1433-4D57-A813-DFB1427FEE72}.Release|Any CPU.ActiveCfg = Release|Any CPU
		{CC24B1F9-1433-4D57-A813-DFB1427FEE72}.Release|Any CPU.Build.0 = Release|Any CPU
		{5CA34D26-0E83-4FE6-8431-F7130D06106A}.Debug|Any CPU.ActiveCfg = Debug|Any CPU
		{5CA34D26-0E83-4FE6-8431-F7130D06106A}.Debug|Any CPU.Build.0 = Debug|Any CPU
		{5CA34D26-0E83-4FE6-8431-F7130D06106A}.Release|Any CPU.ActiveCfg = Release|Any CPU
		{5CA34D26-0E83-4FE6-8431-F7130D06106A}.Release|Any CPU.Build.0 = Release|Any CPU
		{0F94E5DD-F315-4E55-A1A7-7DEDDE1C052C}.Debug|Any CPU.ActiveCfg = Debug|Any CPU
		{0F94E5DD-F315-4E55-A1A7-7DEDDE1C052C}.Debug|Any CPU.Build.0 = Debug|Any CPU
		{0F94E5DD-F315-4E55-A1A7-7DEDDE1C052C}.Release|Any CPU.ActiveCfg = Release|Any CPU
		{0F94E5DD-F315-4E55-A1A7-7DEDDE1C052C}.Release|Any CPU.Build.0 = Release|Any CPU
		{C4132574-323F-47F3-A308-7D20C02EDFB3}.Debug|Any CPU.ActiveCfg = Debug|Any CPU
		{C4132574-323F-47F3-A308-7D20C02EDFB3}.Debug|Any CPU.Build.0 = Debug|Any CPU
		{C4132574-323F-47F3-A308-7D20C02EDFB3}.Release|Any CPU.ActiveCfg = Release|Any CPU
		{C4132574-323F-47F3-A308-7D20C02EDFB3}.Release|Any CPU.Build.0 = Release|Any CPU
	EndGlobalSection
	GlobalSection(SolutionProperties) = preSolution
		HideSolutionNode = FALSE
	EndGlobalSection
	GlobalSection(ExtensibilityGlobals) = postSolution
		SolutionGuid = {36BBDD2A-7F6C-4549-AB24-E2E787C9C0EB}
	EndGlobalSection
	GlobalSection(NestedProjects) = preSolution
		{5CA34D26-0E83-4FE6-8431-F7130D06106A} = {F4857F9E-3D7E-4C16-85D0-1C29CFFBD1CC}
		{C4132574-323F-47F3-A308-7D20C02EDFB3} = {F4857F9E-3D7E-4C16-85D0-1C29CFFBD1CC}
	EndGlobalSection
EndGlobal
